// !$*UTF8*$!
{
	archiveVersion = 1;
	classes = {
	};
	objectVersion = 46;
	objects = {

/* Begin PBXBuildFile section */
		41FA43BC1D29B9FD00C7D876 /* main.m in Sources */ = {isa = PBXBuildFile; fileRef = 41FA43BB1D29B9FD00C7D876 /* main.m */; };
		41FA43BF1D29B9FD00C7D876 /* AppDelegate.m in Sources */ = {isa = PBXBuildFile; fileRef = 41FA43BE1D29B9FD00C7D876 /* AppDelegate.m */; };
		41FA43C21D29B9FD00C7D876 /* ViewController.m in Sources */ = {isa = PBXBuildFile; fileRef = 41FA43C11D29B9FD00C7D876 /* ViewController.m */; };
		41FA43C51D29B9FD00C7D876 /* Main.storyboard in Resources */ = {isa = PBXBuildFile; fileRef = 41FA43C31D29B9FD00C7D876 /* Main.storyboard */; };
		41FA43C71D29B9FD00C7D876 /* Assets.xcassets in Resources */ = {isa = PBXBuildFile; fileRef = 41FA43C61D29B9FD00C7D876 /* Assets.xcassets */; };
		41FA43CA1D29B9FD00C7D876 /* LaunchScreen.storyboard in Resources */ = {isa = PBXBuildFile; fileRef = 41FA43C81D29B9FD00C7D876 /* LaunchScreen.storyboard */; };
		41FA43D31D29BA2A00C7D876 /* BarLayer.m in Sources */ = {isa = PBXBuildFile; fileRef = 41FA43D21D29BA2A00C7D876 /* BarLayer.m */; };
		41FA43D61D29BA8400C7D876 /* BarView.m in Sources */ = {isa = PBXBuildFile; fileRef = 41FA43D51D29BA8400C7D876 /* BarView.m */; };
		41FA43D91D29C29F00C7D876 /* LineLayer.m in Sources */ = {isa = PBXBuildFile; fileRef = 41FA43D81D29C29F00C7D876 /* LineLayer.m */; };
/* End PBXBuildFile section */

/* Begin PBXFileReference section */
		41FA43B71D29B9FD00C7D876 /* HABarChart.app */ = {isa = PBXFileReference; explicitFileType = wrapper.application; includeInIndex = 0; path = HABarChart.app; sourceTree = BUILT_PRODUCTS_DIR; };
		41FA43BB1D29B9FD00C7D876 /* main.m */ = {isa = PBXFileReference; lastKnownFileType = sourcecode.c.objc; path = main.m; sourceTree = "<group>"; };
		41FA43BD1D29B9FD00C7D876 /* AppDelegate.h */ = {isa = PBXFileReference; lastKnownFileType = sourcecode.c.h; path = AppDelegate.h; sourceTree = "<group>"; };
		41FA43BE1D29B9FD00C7D876 /* AppDelegate.m */ = {isa = PBXFileReference; lastKnownFileType = sourcecode.c.objc; path = AppDelegate.m; sourceTree = "<group>"; };
		41FA43C01D29B9FD00C7D876 /* ViewController.h */ = {isa = PBXFileReference; lastKnownFileType = sourcecode.c.h; path = ViewController.h; sourceTree = "<group>"; };
		41FA43C11D29B9FD00C7D876 /* ViewController.m */ = {isa = PBXFileReference; lastKnownFileType = sourcecode.c.objc; path = ViewController.m; sourceTree = "<group>"; };
		41FA43C41D29B9FD00C7D876 /* Base */ = {isa = PBXFileReference; lastKnownFileType = file.storyboard; name = Base; path = Base.lproj/Main.storyboard; sourceTree = "<group>"; };
		41FA43C61D29B9FD00C7D876 /* Assets.xcassets */ = {isa = PBXFileReference; lastKnownFileType = folder.assetcatalog; path = Assets.xcassets; sourceTree = "<group>"; };
		41FA43C91D29B9FD00C7D876 /* Base */ = {isa = PBXFileReference; lastKnownFileType = file.storyboard; name = Base; path = Base.lproj/LaunchScreen.storyboard; sourceTree = "<group>"; };
		41FA43CB1D29B9FD00C7D876 /* Info.plist */ = {isa = PBXFileReference; lastKnownFileType = text.plist.xml; path = Info.plist; sourceTree = "<group>"; };
		41FA43D11D29BA2A00C7D876 /* BarLayer.h */ = {isa = PBXFileReference; fileEncoding = 4; lastKnownFileType = sourcecode.c.h; path = BarLayer.h; sourceTree = "<group>"; };
		41FA43D21D29BA2A00C7D876 /* BarLayer.m */ = {isa = PBXFileReference; fileEncoding = 4; lastKnownFileType = sourcecode.c.objc; path = BarLayer.m; sourceTree = "<group>"; };
		41FA43D41D29BA8400C7D876 /* BarView.h */ = {isa = PBXFileReference; fileEncoding = 4; lastKnownFileType = sourcecode.c.h; path = BarView.h; sourceTree = "<group>"; };
		41FA43D51D29BA8400C7D876 /* BarView.m */ = {isa = PBXFileReference; fileEncoding = 4; lastKnownFileType = sourcecode.c.objc; path = BarView.m; sourceTree = "<group>"; };
		41FA43D71D29C29F00C7D876 /* LineLayer.h */ = {isa = PBXFileReference; fileEncoding = 4; lastKnownFileType = sourcecode.c.h; path = LineLayer.h; sourceTree = "<group>"; };
		41FA43D81D29C29F00C7D876 /* LineLayer.m */ = {isa = PBXFileReference; fileEncoding = 4; lastKnownFileType = sourcecode.c.objc; path = LineLayer.m; sourceTree = "<group>"; };
/* End PBXFileReference section */

/* Begin PBXFrameworksBuildPhase section */
		41FA43B41D29B9FD00C7D876 /* Frameworks */ = {
			isa = PBXFrameworksBuildPhase;
			buildActionMask = 2147483647;
			files = (
			);
			runOnlyForDeploymentPostprocessing = 0;
		};
/* End PBXFrameworksBuildPhase section */

/* Begin PBXGroup section */
		4141F57E1D29DD0200192718 /* CircleLayer */ = {
			isa = PBXGroup;
			children = (
				41FA43D11D29BA2A00C7D876 /* BarLayer.h */,
				41FA43D21D29BA2A00C7D876 /* BarLayer.m */,
			);
			name = CircleLayer;
			sourceTree = "<group>";
		};
		4141F57F1D29DD0E00192718 /* LineLayer */ = {
			isa = PBXGroup;
			children = (
				41FA43D71D29C29F00C7D876 /* LineLayer.h */,
				41FA43D81D29C29F00C7D876 /* LineLayer.m */,
			);
			name = LineLayer;
			sourceTree = "<group>";
		};
		4141F5801D29DD1800192718 /* Line&CircleView */ = {
			isa = PBXGroup;
			children = (
				41FA43D41D29BA8400C7D876 /* BarView.h */,
				41FA43D51D29BA8400C7D876 /* BarView.m */,
			);
			name = "Line&CircleView";
			sourceTree = "<group>";
		};
		41FA43AE1D29B9FD00C7D876 = {
			isa = PBXGroup;
			children = (
				41FA43B91D29B9FD00C7D876 /* HABarChart */,
				41FA43B81D29B9FD00C7D876 /* Products */,
			);
			sourceTree = "<group>";
		};
		41FA43B81D29B9FD00C7D876 /* Products */ = {
			isa = PBXGroup;
			children = (
				41FA43B71D29B9FD00C7D876 /* HABarChart.app */,
			);
			name = Products;
			sourceTree = "<group>";
		};
		41FA43B91D29B9FD00C7D876 /* HABarChart */ = {
			isa = PBXGroup;
			children = (
				41FA43BD1D29B9FD00C7D876 /* AppDelegate.h */,
				41FA43BE1D29B9FD00C7D876 /* AppDelegate.m */,
				41FA43C01D29B9FD00C7D876 /* ViewController.h */,
				41FA43C11D29B9FD00C7D876 /* ViewController.m */,
				41FA43C31D29B9FD00C7D876 /* Main.storyboard */,
				4141F57E1D29DD0200192718 /* CircleLayer */,
				4141F5801D29DD1800192718 /* Line&CircleView */,
				4141F57F1D29DD0E00192718 /* LineLayer */,
				41FA43C61D29B9FD00C7D876 /* Assets.xcassets */,
				41FA43C81D29B9FD00C7D876 /* LaunchScreen.storyboard */,
				41FA43CB1D29B9FD00C7D876 /* Info.plist */,
				41FA43BA1D29B9FD00C7D876 /* Supporting Files */,
			);
			name = HABarChart;
			path = TestChart;
			sourceTree = "<group>";
		};
		41FA43BA1D29B9FD00C7D876 /* Supporting Files */ = {
			isa = PBXGroup;
			children = (
				41FA43BB1D29B9FD00C7D876 /* main.m */,
			);
			name = "Supporting Files";
			sourceTree = "<group>";
		};
/* End PBXGroup section */

/* Begin PBXNativeTarget section */
		41FA43B61D29B9FD00C7D876 /* HABarChart */ = {
			isa = PBXNativeTarget;
			buildConfigurationList = 41FA43CE1D29B9FD00C7D876 /* Build configuration list for PBXNativeTarget "HABarChart" */;
			buildPhases = (
				41FA43B31D29B9FD00C7D876 /* Sources */,
				41FA43B41D29B9FD00C7D876 /* Frameworks */,
				41FA43B51D29B9FD00C7D876 /* Resources */,
			);
			buildRules = (
			);
			dependencies = (
			);
			name = HABarChart;
			productName = TestChart;
			productReference = 41FA43B71D29B9FD00C7D876 /* HABarChart.app */;
			productType = "com.apple.product-type.application";
		};
/* End PBXNativeTarget section */

/* Begin PBXProject section */
		41FA43AF1D29B9FD00C7D876 /* Project object */ = {
			isa = PBXProject;
			attributes = {
				LastUpgradeCheck = 0730;
				ORGANIZATIONNAME = "Hipolito Arias";
				TargetAttributes = {
					41FA43B61D29B9FD00C7D876 = {
						CreatedOnToolsVersion = 7.3.1;
					};
				};
			};
			buildConfigurationList = 41FA43B21D29B9FD00C7D876 /* Build configuration list for PBXProject "HABarChart" */;
			compatibilityVersion = "Xcode 3.2";
			developmentRegion = English;
			hasScannedForEncodings = 0;
			knownRegions = (
				en,
				Base,
			);
			mainGroup = 41FA43AE1D29B9FD00C7D876;
			productRefGroup = 41FA43B81D29B9FD00C7D876 /* Products */;
			projectDirPath = "";
			projectRoot = "";
			targets = (
				41FA43B61D29B9FD00C7D876 /* HABarChart */,
			);
		};
/* End PBXProject section */

/* Begin PBXResourcesBuildPhase section */
		41FA43B51D29B9FD00C7D876 /* Resources */ = {
			isa = PBXResourcesBuildPhase;
			buildActionMask = 2147483647;
			files = (
				41FA43CA1D29B9FD00C7D876 /* LaunchScreen.storyboard in Resources */,
				41FA43C71D29B9FD00C7D876 /* Assets.xcassets in Resources */,
				41FA43C51D29B9FD00C7D876 /* Main.storyboard in Resources */,
			);
			runOnlyForDeploymentPostprocessing = 0;
		};
/* End PBXResourcesBuildPhase section */

/* Begin PBXSourcesBuildPhase section */
		41FA43B31D29B9FD00C7D876 /* Sources */ = {
			isa = PBXSourcesBuildPhase;
			buildActionMask = 2147483647;
			files = (
				41FA43C21D29B9FD00C7D876 /* ViewController.m in Sources */,
				41FA43D31D29BA2A00C7D876 /* BarLayer.m in Sources */,
				41FA43BF1D29B9FD00C7D876 /* AppDelegate.m in Sources */,
				41FA43D91D29C29F00C7D876 /* LineLayer.m in Sources */,
				41FA43BC1D29B9FD00C7D876 /* main.m in Sources */,
				41FA43D61D29BA8400C7D876 /* BarView.m in Sources */,
			);
			runOnlyForDeploymentPostprocessing = 0;
		};
/* End PBXSourcesBuildPhase section */

/* Begin PBXVariantGroup section */
		41FA43C31D29B9FD00C7D876 /* Main.storyboard */ = {
			isa = PBXVariantGroup;
			children = (
				41FA43C41D29B9FD00C7D876 /* Base */,
			);
			name = Main.storyboard;
			sourceTree = "<group>";
		};
		41FA43C81D29B9FD00C7D876 /* LaunchScreen.storyboard */ = {
			isa = PBXVariantGroup;
			children = (
				41FA43C91D29B9FD00C7D876 /* Base */,
			);
			name = LaunchScreen.storyboard;
			sourceTree = "<group>";
		};
/* End PBXVariantGroup section */

/* Begin XCBuildConfiguration section */
		41FA43CC1D29B9FD00C7D876 /* Debug */ = {
			isa = XCBuildConfiguration;
			buildSettings = {
				ALWAYS_SEARCH_USER_PATHS = NO;
				CLANG_ANALYZER_NONNULL = YES;
				CLANG_CXX_LANGUAGE_STANDARD = "gnu++0x";
				CLANG_CXX_LIBRARY = "libc++";
				CLANG_ENABLE_MODULES = YES;
				CLANG_ENABLE_OBJC_ARC = YES;
				CLANG_WARN_BOOL_CONVERSION = YES;
				CLANG_WARN_CONSTANT_CONVERSION = YES;
				CLANG_WARN_DIRECT_OBJC_ISA_USAGE = YES_ERROR;
				CLANG_WARN_EMPTY_BODY = YES;
				CLANG_WARN_ENUM_CONVERSION = YES;
				CLANG_WARN_INT_CONVERSION = YES;
				CLANG_WARN_OBJC_ROOT_CLASS = YES_ERROR;
				CLANG_WARN_UNREACHABLE_CODE = YES;
				CLANG_WARN__DUPLICATE_METHOD_MATCH = YES;
				"CODE_SIGN_IDENTITY[sdk=iphoneos*]" = "iPhone Developer";
				COPY_PHASE_STRIP = NO;
				DEBUG_INFORMATION_FORMAT = dwarf;
				ENABLE_STRICT_OBJC_MSGSEND = YES;
				ENABLE_TESTABILITY = YES;
				GCC_C_LANGUAGE_STANDARD = gnu99;
				GCC_DYNAMIC_NO_PIC = NO;
				GCC_NO_COMMON_BLOCKS = YES;
				GCC_OPTIMIZATION_LEVEL = 0;
				GCC_PREPROCESSOR_DEFINITIONS = (
					"DEBUG=1",
					"$(inherited)",
				);
				GCC_WARN_64_TO_32_BIT_CONVERSION = YES;
				GCC_WARN_ABOUT_RETURN_TYPE = YES_ERROR;
				GCC_WARN_UNDECLARED_SELECTOR = YES;
				GCC_WARN_UNINITIALIZED_AUTOS = YES_AGGRESSIVE;
				GCC_WARN_UNUSED_FUNCTION = YES;
				GCC_WARN_UNUSED_VARIABLE = YES;
				IPHONEOS_DEPLOYMENT_TARGET = 9.3;
				MTL_ENABLE_DEBUG_INFO = YES;
				ONLY_ACTIVE_ARCH = YES;
				SDKROOT = iphoneos;
				TARGETED_DEVICE_FAMILY = "1,2";
			};
			name = Debug;
		};
		41FA43CD1D29B9FD00C7D876 /* Release */ = {
			isa = XCBuildConfiguration;
			buildSettings = {
				ALWAYS_SEARCH_USER_PATHS = NO;
				CLANG_ANALYZER_NONNULL = YES;
				CLANG_CXX_LANGUAGE_STANDARD = "gnu++0x";
				CLANG_CXX_LIBRARY = "libc++";
				CLANG_ENABLE_MODULES = YES;
				CLANG_ENABLE_OBJC_ARC = YES;
				CLANG_WARN_BOOL_CONVERSION = YES;
				CLANG_WARN_CONSTANT_CONVERSION = YES;
				CLANG_WARN_DIRECT_OBJC_ISA_USAGE = YES_ERROR;
				CLANG_WARN_EMPTY_BODY = YES;
				CLANG_WARN_ENUM_CONVERSION = YES;
				CLANG_WARN_INT_CONVERSION = YES;
				CLANG_WARN_OBJC_ROOT_CLASS = YES_ERROR;
				CLANG_WARN_UNREACHABLE_CODE = YES;
				CLANG_WARN__DUPLICATE_METHOD_MATCH = YES;
				"CODE_SIGN_IDENTITY[sdk=iphoneos*]" = "iPhone Developer";
				COPY_PHASE_STRIP = NO;
				DEBUG_INFORMATION_FORMAT = "dwarf-with-dsym";
				ENABLE_NS_ASSERTIONS = NO;
				ENABLE_STRICT_OBJC_MSGSEND = YES;
				GCC_C_LANGUAGE_STANDARD = gnu99;
				GCC_NO_COMMON_BLOCKS = YES;
				GCC_WARN_64_TO_32_BIT_CONVERSION = YES;
				GCC_WARN_ABOUT_RETURN_TYPE = YES_ERROR;
				GCC_WARN_UNDECLARED_SELECTOR = YES;
				GCC_WARN_UNINITIALIZED_AUTOS = YES_AGGRESSIVE;
				GCC_WARN_UNUSED_FUNCTION = YES;
				GCC_WARN_UNUSED_VARIABLE = YES;
				IPHONEOS_DEPLOYMENT_TARGET = 9.3;
				MTL_ENABLE_DEBUG_INFO = NO;
				SDKROOT = iphoneos;
				TARGETED_DEVICE_FAMILY = "1,2";
				VALIDATE_PRODUCT = YES;
			};
			name = Release;
		};
		41FA43CF1D29B9FD00C7D876 /* Debug */ = {
			isa = XCBuildConfiguration;
			buildSettings = {
				ASSETCATALOG_COMPILER_APPICON_NAME = AppIcon;
				INFOPLIST_FILE = TestChart/Info.plist;
				LD_RUNPATH_SEARCH_PATHS = "$(inherited) @executable_path/Frameworks";
				PRODUCT_BUNDLE_IDENTIFIER = d.TestChart;
				PRODUCT_NAME = HABarChart;
			};
			name = Debug;
		};
		41FA43D01D29B9FD00C7D876 /* Release */ = {
			isa = XCBuildConfiguration;
			buildSettings = {
				ASSETCATALOG_COMPILER_APPICON_NAME = AppIcon;
				INFOPLIST_FILE = TestChart/Info.plist;
				LD_RUNPATH_SEARCH_PATHS = "$(inherited) @executable_path/Frameworks";
				PRODUCT_BUNDLE_IDENTIFIER = d.TestChart;
				PRODUCT_NAME = HABarChart;
			};
			name = Release;
		};
/* End XCBuildConfiguration section */

/* Begin XCConfigurationList section */
		41FA43B21D29B9FD00C7D876 /* Build configuration list for PBXProject "HABarChart" */ = {
			isa = XCConfigurationList;
			buildConfigurations = (
				41FA43CC1D29B9FD00C7D876 /* Debug */,
				41FA43CD1D29B9FD00C7D876 /* Release */,
			);
			defaultConfigurationIsVisible = 0;
			defaultConfigurationName = Release;
		};
		41FA43CE1D29B9FD00C7D876 /* Build configuration list for PBXNativeTarget "HABarChart" */ = {
			isa = XCConfigurationList;
			buildConfigurations = (
				41FA43CF1D29B9FD00C7D876 /* Debug */,
				41FA43D01D29B9FD00C7D876 /* Release */,
			);
			defaultConfigurationIsVisible = 0;
			defaultConfigurationName = Release;
		};
/* End XCConfigurationList section */
	};
	rootObject = 41FA43AF1D29B9FD00C7D876 /* Project object */;
}
